
Microsoft Visual Studio Solution File, Format Version 12.00
# Visual Studio Version 17
VisualStudioVersion = 17.1.32328.378
MinimumVisualStudioVersion = 10.0.40219.1
Project("{FAE04EC0-301F-11D3-BF4B-00C04F79EFBC}") = "SnakeAndLadderGame", "SnakeAndLadderGame.csproj", "{7256ED89-47D6-4C9B-BE22-BA690B16624E}"
EndProject
Global
	GlobalSection(SolutionConfigurationPlatforms) = preSolution
		Debug|Any CPU = Debug|Any CPU
		Release|Any CPU = Release|Any CPU
	EndGlobalSection
	GlobalSection(ProjectConfigurationPlatforms) = postSolution
		{7256ED89-47D6-4C9B-BE22-BA690B16624E}.Debug|Any CPU.ActiveCfg = Debug|Any CPU
		{7256ED89-47D6-4C9B-BE22-BA690B16624E}.Debug|Any CPU.Build.0 = Debug|Any CPU
		{7256ED89-47D6-4C9B-BE22-BA690B16624E}.Release|Any CPU.ActiveCfg = Release|Any CPU
		{7256ED89-47D6-4C9B-BE22-BA690B16624E}.Release|Any CPU.Build.0 = Release|Any CPU
	EndGlobalSection
	GlobalSection(SolutionProperties) = preSolution
		HideSolutionNode = FALSE
	EndGlobalSection
	GlobalSection(ExtensibilityGlobals) = postSolution
		SolutionGuid = {696971C6-4759-4530-AF14-FD6245823E04}
	EndGlobalSection
EndGlobal
